dependencies:
- name: common
  repository: oci://registry-1.docker.io/bitnamicharts
  version: 2.31.4
- name: kube-prometheus-stack
  repository: https://prometheus-community.github.io/helm-charts
  version: 80.7.0
- name: lws
  repository: oci://registry.k8s.io/lws/charts
  version: 0.7.0
- name: odin
  repository: https://moreh-dev.github.io/helm-charts
  version: v0.3.0
- name: odin-crd
  repository: https://moreh-dev.github.io/helm-charts
  version: v0.3.0
- name: kubernetes-replicator
  repository: https://helm.mittwald.de
  version: 2.12.2
digest: sha256:4f05697d53249d86a79d9b8c4b0d865ffb4c6db2b29d3c2257756cd78de0b9ca
generated: "2025-12-27T23:43:14.884607977+09:00"
