dependencies:
- name: common
  repository: oci://registry-1.docker.io/bitnamicharts
  version: 2.31.4
- name: kube-prometheus-stack
  repository: https://prometheus-community.github.io/helm-charts
  version: 80.7.0
- name: lws
  repository: oci://registry.k8s.io/lws/charts
  version: 0.8.0
- name: odin
  repository: https://moreh-dev.github.io/helm-charts
  version: v0.8.0
- name: odin-crd
  repository: https://moreh-dev.github.io/helm-charts
  version: v0.8.0
- name: keda
  repository: https://kedacore.github.io/charts
  version: 2.18.0
- name: kubernetes-replicator
  repository: https://helm.mittwald.de
  version: 2.12.2
- name: node-feature-discovery
  repository: oci://registry.k8s.io/nfd/charts
  version: 0.18.3
- name: minio
  repository: https://charts.min.io
  version: 5.4.0
- name: loki
  repository: https://grafana.github.io/helm-charts
  version: 6.30.0
- name: vector
  repository: https://helm.vector.dev
  version: 0.39.0
digest: sha256:38dcfcf610839b5fd0cf0d4e48c3592ca9fd5fd9ff833470333f943e6c6d62b6
generated: "2026-03-23T21:14:54.760708118+09:00"
